// !$*UTF8*$!
{
	archiveVersion = 1;
	classes = {
	};
	objectVersion = 55;
	objects = {

/* Begin PBXBuildFile section */
		FD4E43DA2883EE78003AE173 /* AppDelegate.swift in Sources */ = {isa = PBXBuildFile; fileRef = FD4E43D92883EE78003AE173 /* AppDelegate.swift */; };
		FD4E43DC2883EE78003AE173 /* SceneDelegate.swift in Sources */ = {isa = PBXBuildFile; fileRef = FD4E43DB2883EE78003AE173 /* SceneDelegate.swift */; };
		FD4E43DE2883EE78003AE173 /* ViewController.swift in Sources */ = {isa = PBXBuildFile; fileRef = FD4E43DD2883EE78003AE173 /* ViewController.swift */; };
		FD4E43E12883EE78003AE173 /* Main.storyboard in Resources */ = {isa = PBXBuildFile; fileRef = FD4E43DF2883EE78003AE173 /* Main.storyboard */; };
		FD4E43E32883EE7A003AE173 /* Assets.xcassets in Resources */ = {isa = PBXBuildFile; fileRef = FD4E43E22883EE7A003AE173 /* Assets.xcassets */; };
		FD4E43E62883EE7A003AE173 /* LaunchScreen.storyboard in Resources */ = {isa = PBXBuildFile; fileRef = FD4E43E42883EE7A003AE173 /* LaunchScreen.storyboard */; };
		FD5816D728927C4000B982BE /* WeatherCountry.swift in Sources */ = {isa = PBXBuildFile; fileRef = FD5816D628927C4000B982BE /* WeatherCountry.swift */; };
		FD5816D928927C5A00B982BE /* Wind.swift in Sources */ = {isa = PBXBuildFile; fileRef = FD5816D828927C5A00B982BE /* Wind.swift */; };
		FD5816DB28927C7100B982BE /* WeatherInfo.swift in Sources */ = {isa = PBXBuildFile; fileRef = FD5816DA28927C7100B982BE /* WeatherInfo.swift */; };
		FD5816DD28927C8F00B982BE /* Weather.swift in Sources */ = {isa = PBXBuildFile; fileRef = FD5816DC28927C8F00B982BE /* Weather.swift */; };
		FD5816DF28927CAB00B982BE /* Coordinates.swift in Sources */ = {isa = PBXBuildFile; fileRef = FD5816DE28927CAB00B982BE /* Coordinates.swift */; };
/* End PBXBuildFile section */

/* Begin PBXFileReference section */
		FD4E43D62883EE78003AE173 /* Weather.app */ = {isa = PBXFileReference; explicitFileType = wrapper.application; includeInIndex = 0; path = Weather.app; sourceTree = BUILT_PRODUCTS_DIR; };
		FD4E43D92883EE78003AE173 /* AppDelegate.swift */ = {isa = PBXFileReference; lastKnownFileType = sourcecode.swift; path = AppDelegate.swift; sourceTree = "<group>"; };
		FD4E43DB2883EE78003AE173 /* SceneDelegate.swift */ = {isa = PBXFileReference; lastKnownFileType = sourcecode.swift; path = SceneDelegate.swift; sourceTree = "<group>"; };
		FD4E43DD2883EE78003AE173 /* ViewController.swift */ = {isa = PBXFileReference; lastKnownFileType = sourcecode.swift; path = ViewController.swift; sourceTree = "<group>"; };
		FD4E43E02883EE78003AE173 /* Base */ = {isa = PBXFileReference; lastKnownFileType = file.storyboard; name = Base; path = Base.lproj/Main.storyboard; sourceTree = "<group>"; };
		FD4E43E22883EE7A003AE173 /* Assets.xcassets */ = {isa = PBXFileReference; lastKnownFileType = folder.assetcatalog; path = Assets.xcassets; sourceTree = "<group>"; };
		FD4E43E52883EE7A003AE173 /* Base */ = {isa = PBXFileReference; lastKnownFileType = file.storyboard; name = Base; path = Base.lproj/LaunchScreen.storyboard; sourceTree = "<group>"; };
		FD4E43E72883EE7A003AE173 /* Info.plist */ = {isa = PBXFileReference; lastKnownFileType = text.plist.xml; path = Info.plist; sourceTree = "<group>"; };
		FD5816D628927C4000B982BE /* WeatherCountry.swift */ = {isa = PBXFileReference; lastKnownFileType = sourcecode.swift; path = WeatherCountry.swift; sourceTree = "<group>"; };
		FD5816D828927C5A00B982BE /* Wind.swift */ = {isa = PBXFileReference; lastKnownFileType = sourcecode.swift; path = Wind.swift; sourceTree = "<group>"; };
		FD5816DA28927C7100B982BE /* WeatherInfo.swift */ = {isa = PBXFileReference; lastKnownFileType = sourcecode.swift; path = WeatherInfo.swift; sourceTree = "<group>"; };
		FD5816DC28927C8F00B982BE /* Weather.swift */ = {isa = PBXFileReference; lastKnownFileType = sourcecode.swift; path = Weather.swift; sourceTree = "<group>"; };
		FD5816DE28927CAB00B982BE /* Coordinates.swift */ = {isa = PBXFileReference; lastKnownFileType = sourcecode.swift; path = Coordinates.swift; sourceTree = "<group>"; };
/* End PBXFileReference section */

/* Begin PBXFrameworksBuildPhase section */
		FD4E43D32883EE78003AE173 /* Frameworks */ = {
			isa = PBXFrameworksBuildPhase;
			buildActionMask = 2147483647;
			files = (
			);
			runOnlyForDeploymentPostprocessing = 0;
		};
/* End PBXFrameworksBuildPhase section */

/* Begin PBXGroup section */
		FD4E43CD2883EE78003AE173 = {
			isa = PBXGroup;
			children = (
				FD4E43D82883EE78003AE173 /* Weather */,
				FD4E43D72883EE78003AE173 /* Products */,
			);
			sourceTree = "<group>";
		};
		FD4E43D72883EE78003AE173 /* Products */ = {
			isa = PBXGroup;
			children = (
				FD4E43D62883EE78003AE173 /* Weather.app */,
			);
			name = Products;
			sourceTree = "<group>";
		};
		FD4E43D82883EE78003AE173 /* Weather */ = {
			isa = PBXGroup;
			children = (
				FD5816D528927C1500B982BE /* Models */,
				FD4E43EE2883EE9E003AE173 /* Resources */,
				FD4E43ED2883EE8B003AE173 /* Supporting Files */,
				FD4E43DD2883EE78003AE173 /* ViewController.swift */,
				FD4E43DF2883EE78003AE173 /* Main.storyboard */,
			);
			path = Weather;
			sourceTree = "<group>";
		};
		FD4E43ED2883EE8B003AE173 /* Supporting Files */ = {
			isa = PBXGroup;
			children = (
				FD4E43D92883EE78003AE173 /* AppDelegate.swift */,
				FD4E43DB2883EE78003AE173 /* SceneDelegate.swift */,
				FD4E43E42883EE7A003AE173 /* LaunchScreen.storyboard */,
				FD4E43E72883EE7A003AE173 /* Info.plist */,
			);
			path = "Supporting Files";
			sourceTree = "<group>";
		};
		FD4E43EE2883EE9E003AE173 /* Resources */ = {
			isa = PBXGroup;
			children = (
				FD4E43E22883EE7A003AE173 /* Assets.xcassets */,
			);
			path = Resources;
			sourceTree = "<group>";
		};
		FD5816D528927C1500B982BE /* Models */ = {
			isa = PBXGroup;
			children = (
				FD5816D628927C4000B982BE /* WeatherCountry.swift */,
				FD5816D828927C5A00B982BE /* Wind.swift */,
				FD5816DA28927C7100B982BE /* WeatherInfo.swift */,
				FD5816DC28927C8F00B982BE /* Weather.swift */,
				FD5816DE28927CAB00B982BE /* Coordinates.swift */,
			);
			path = Models;
			sourceTree = "<group>";
		};
/* End PBXGroup section */

/* Begin PBXNativeTarget section */
		FD4E43D52883EE78003AE173 /* Weather */ = {
			isa = PBXNativeTarget;
			buildConfigurationList = FD4E43EA2883EE7A003AE173 /* Build configuration list for PBXNativeTarget "Weather" */;
			buildPhases = (
				FD4E43D22883EE78003AE173 /* Sources */,
				FD4E43D32883EE78003AE173 /* Frameworks */,
				FD4E43D42883EE78003AE173 /* Resources */,
			);
			buildRules = (
			);
			dependencies = (
			);
			name = Weather;
			productName = Weather;
			productReference = FD4E43D62883EE78003AE173 /* Weather.app */;
			productType = "com.apple.product-type.application";
		};
/* End PBXNativeTarget section */

/* Begin PBXProject section */
		FD4E43CE2883EE78003AE173 /* Project object */ = {
			isa = PBXProject;
			attributes = {
				BuildIndependentTargetsInParallel = 1;
				LastSwiftUpdateCheck = 1340;
				LastUpgradeCheck = 1340;
				TargetAttributes = {
					FD4E43D52883EE78003AE173 = {
						CreatedOnToolsVersion = 13.4.1;
					};
				};
			};
			buildConfigurationList = FD4E43D12883EE78003AE173 /* Build configuration list for PBXProject "Weather" */;
			compatibilityVersion = "Xcode 13.0";
			developmentRegion = en;
			hasScannedForEncodings = 0;
			knownRegions = (
				en,
				Base,
			);
			mainGroup = FD4E43CD2883EE78003AE173;
			productRefGroup = FD4E43D72883EE78003AE173 /* Products */;
			projectDirPath = "";
			projectRoot = "";
			targets = (
				FD4E43D52883EE78003AE173 /* Weather */,
			);
		};
/* End PBXProject section */

/* Begin PBXResourcesBuildPhase section */
		FD4E43D42883EE78003AE173 /* Resources */ = {
			isa = PBXResourcesBuildPhase;
			buildActionMask = 2147483647;
			files = (
				FD4E43E62883EE7A003AE173 /* LaunchScreen.storyboard in Resources */,
				FD4E43E32883EE7A003AE173 /* Assets.xcassets in Resources */,
				FD4E43E12883EE78003AE173 /* Main.storyboard in Resources */,
			);
			runOnlyForDeploymentPostprocessing = 0;
		};
/* End PBXResourcesBuildPhase section */

/* Begin PBXSourcesBuildPhase section */
		FD4E43D22883EE78003AE173 /* Sources */ = {
			isa = PBXSourcesBuildPhase;
			buildActionMask = 2147483647;
			files = (
				FD4E43DE2883EE78003AE173 /* ViewController.swift in Sources */,
				FD5816D928927C5A00B982BE /* Wind.swift in Sources */,
				FD5816DB28927C7100B982BE /* WeatherInfo.swift in Sources */,
				FD4E43DA2883EE78003AE173 /* AppDelegate.swift in Sources */,
				FD4E43DC2883EE78003AE173 /* SceneDelegate.swift in Sources */,
				FD5816D728927C4000B982BE /* WeatherCountry.swift in Sources */,
				FD5816DD28927C8F00B982BE /* Weather.swift in Sources */,
				FD5816DF28927CAB00B982BE /* Coordinates.swift in Sources */,
			);
			runOnlyForDeploymentPostprocessing = 0;
		};
/* End PBXSourcesBuildPhase section */

/* Begin PBXVariantGroup section */
		FD4E43DF2883EE78003AE173 /* Main.storyboard */ = {
			isa = PBXVariantGroup;
			children = (
				FD4E43E02883EE78003AE173 /* Base */,
			);
			name = Main.storyboard;
			sourceTree = "<group>";
		};
		FD4E43E42883EE7A003AE173 /* LaunchScreen.storyboard */ = {
			isa = PBXVariantGroup;
			children = (
				FD4E43E52883EE7A003AE173 /* Base */,
			);
			name = LaunchScreen.storyboard;
			sourceTree = "<group>";
		};
/* End PBXVariantGroup section */

/* Begin XCBuildConfiguration section */
		FD4E43E82883EE7A003AE173 /* Debug */ = {
			isa = XCBuildConfiguration;
			buildSettings = {
				ALWAYS_SEARCH_USER_PATHS = NO;
				CLANG_ANALYZER_NONNULL = YES;
				CLANG_ANALYZER_NUMBER_OBJECT_CONVERSION = YES_AGGRESSIVE;
				CLANG_CXX_LANGUAGE_STANDARD = "gnu++17";
				CLANG_ENABLE_MODULES = YES;
				CLANG_ENABLE_OBJC_ARC = YES;
				CLANG_ENABLE_OBJC_WEAK = YES;
				CLANG_WARN_BLOCK_CAPTURE_AUTORELEASING = YES;
				CLANG_WARN_BOOL_CONVERSION = YES;
				CLANG_WARN_COMMA = YES;
				CLANG_WARN_CONSTANT_CONVERSION = YES;
				CLANG_WARN_DEPRECATED_OBJC_IMPLEMENTATIONS = YES;
				CLANG_WARN_DIRECT_OBJC_ISA_USAGE = YES_ERROR;
				CLANG_WARN_DOCUMENTATION_COMMENTS = YES;
				CLANG_WARN_EMPTY_BODY = YES;
				CLANG_WARN_ENUM_CONVERSION = YES;
				CLANG_WARN_INFINITE_RECURSION = YES;
				CLANG_WARN_INT_CONVERSION = YES;
				CLANG_WARN_NON_LITERAL_NULL_CONVERSION = YES;
				CLANG_WARN_OBJC_IMPLICIT_RETAIN_SELF = YES;
				CLANG_WARN_OBJC_LITERAL_CONVERSION = YES;
				CLANG_WARN_OBJC_ROOT_CLASS = YES_ERROR;
				CLANG_WARN_QUOTED_INCLUDE_IN_FRAMEWORK_HEADER = YES;
				CLANG_WARN_RANGE_LOOP_ANALYSIS = YES;
				CLANG_WARN_STRICT_PROTOTYPES = YES;
				CLANG_WARN_SUSPICIOUS_MOVE = YES;
				CLANG_WARN_UNGUARDED_AVAILABILITY = YES_AGGRESSIVE;
				CLANG_WARN_UNREACHABLE_CODE = YES;
				CLANG_WARN__DUPLICATE_METHOD_MATCH = YES;
				COPY_PHASE_STRIP = NO;
				DEBUG_INFORMATION_FORMAT = dwarf;
				ENABLE_STRICT_OBJC_MSGSEND = YES;
				ENABLE_TESTABILITY = YES;
				GCC_C_LANGUAGE_STANDARD = gnu11;
				GCC_DYNAMIC_NO_PIC = NO;
				GCC_NO_COMMON_BLOCKS = YES;
				GCC_OPTIMIZATION_LEVEL = 0;
				GCC_PREPROCESSOR_DEFINITIONS = (
					"DEBUG=1",
					"$(inherited)",
				);
				GCC_WARN_64_TO_32_BIT_CONVERSION = YES;
				GCC_WARN_ABOUT_RETURN_TYPE = YES_ERROR;
				GCC_WARN_UNDECLARED_SELECTOR = YES;
				GCC_WARN_UNINITIALIZED_AUTOS = YES_AGGRESSIVE;
				GCC_WARN_UNUSED_FUNCTION = YES;
				GCC_WARN_UNUSED_VARIABLE = YES;
				IPHONEOS_DEPLOYMENT_TARGET = 15.5;
				MTL_ENABLE_DEBUG_INFO = INCLUDE_SOURCE;
				MTL_FAST_MATH = YES;
				ONLY_ACTIVE_ARCH = YES;
				SDKROOT = iphoneos;
				SWIFT_ACTIVE_COMPILATION_CONDITIONS = DEBUG;
				SWIFT_OPTIMIZATION_LEVEL = "-Onone";
			};
			name = Debug;
		};
		FD4E43E92883EE7A003AE173 /* Release */ = {
			isa = XCBuildConfiguration;
			buildSettings = {
				ALWAYS_SEARCH_USER_PATHS = NO;
				CLANG_ANALYZER_NONNULL = YES;
				CLANG_ANALYZER_NUMBER_OBJECT_CONVERSION = YES_AGGRESSIVE;
				CLANG_CXX_LANGUAGE_STANDARD = "gnu++17";
				CLANG_ENABLE_MODULES = YES;
				CLANG_ENABLE_OBJC_ARC = YES;
				CLANG_ENABLE_OBJC_WEAK = YES;
				CLANG_WARN_BLOCK_CAPTURE_AUTORELEASING = YES;
				CLANG_WARN_BOOL_CONVERSION = YES;
				CLANG_WARN_COMMA = YES;
				CLANG_WARN_CONSTANT_CONVERSION = YES;
				CLANG_WARN_DEPRECATED_OBJC_IMPLEMENTATIONS = YES;
				CLANG_WARN_DIRECT_OBJC_ISA_USAGE = YES_ERROR;
				CLANG_WARN_DOCUMENTATION_COMMENTS = YES;
				CLANG_WARN_EMPTY_BODY = YES;
				CLANG_WARN_ENUM_CONVERSION = YES;
				CLANG_WARN_INFINITE_RECURSION = YES;
				CLANG_WARN_INT_CONVERSION = YES;
				CLANG_WARN_NON_LITERAL_NULL_CONVERSION = YES;
				CLANG_WARN_OBJC_IMPLICIT_RETAIN_SELF = YES;
				CLANG_WARN_OBJC_LITERAL_CONVERSION = YES;
				CLANG_WARN_OBJC_ROOT_CLASS = YES_ERROR;
				CLANG_WARN_QUOTED_INCLUDE_IN_FRAMEWORK_HEADER = YES;
				CLANG_WARN_RANGE_LOOP_ANALYSIS = YES;
				CLANG_WARN_STRICT_PROTOTYPES = YES;
				CLANG_WARN_SUSPICIOUS_MOVE = YES;
				CLANG_WARN_UNGUARDED_AVAILABILITY = YES_AGGRESSIVE;
				CLANG_WARN_UNREACHABLE_CODE = YES;
				CLANG_WARN__DUPLICATE_METHOD_MATCH = YES;
				COPY_PHASE_STRIP = NO;
				DEBUG_INFORMATION_FORMAT = "dwarf-with-dsym";
				ENABLE_NS_ASSERTIONS = NO;
				ENABLE_STRICT_OBJC_MSGSEND = YES;
				GCC_C_LANGUAGE_STANDARD = gnu11;
				GCC_NO_COMMON_BLOCKS = YES;
				GCC_WARN_64_TO_32_BIT_CONVERSION = YES;
				GCC_WARN_ABOUT_RETURN_TYPE = YES_ERROR;
				GCC_WARN_UNDECLARED_SELECTOR = YES;
				GCC_WARN_UNINITIALIZED_AUTOS = YES_AGGRESSIVE;
				GCC_WARN_UNUSED_FUNCTION = YES;
				GCC_WARN_UNUSED_VARIABLE = YES;
				IPHONEOS_DEPLOYMENT_TARGET = 15.5;
				MTL_ENABLE_DEBUG_INFO = NO;
				MTL_FAST_MATH = YES;
				SDKROOT = iphoneos;
				SWIFT_COMPILATION_MODE = wholemodule;
				SWIFT_OPTIMIZATION_LEVEL = "-O";
				VALIDATE_PRODUCT = YES;
			};
			name = Release;
		};
		FD4E43EB2883EE7A003AE173 /* Debug */ = {
			isa = XCBuildConfiguration;
			buildSettings = {
				ASSETCATALOG_COMPILER_APPICON_NAME = AppIcon;
				ASSETCATALOG_COMPILER_GLOBAL_ACCENT_COLOR_NAME = AccentColor;
				CODE_SIGN_STYLE = Automatic;
				CURRENT_PROJECT_VERSION = 1;
				GENERATE_INFOPLIST_FILE = YES;
				INFOPLIST_FILE = "Weather/Supporting Files/Info.plist";
				INFOPLIST_KEY_UIApplicationSupportsIndirectInputEvents = YES;
				INFOPLIST_KEY_UILaunchStoryboardName = LaunchScreen;
				INFOPLIST_KEY_UIMainStoryboardFile = Main;
				INFOPLIST_KEY_UISupportedInterfaceOrientations = UIInterfaceOrientationPortrait;
				INFOPLIST_KEY_UISupportedInterfaceOrientations_iPad = "UIInterfaceOrientationPortrait UIInterfaceOrientationPortraitUpsideDown UIInterfaceOrientationLandscapeLeft UIInterfaceOrientationLandscapeRight";
				INFOPLIST_KEY_UISupportedInterfaceOrientations_iPhone = "UIInterfaceOrientationPortrait UIInterfaceOrientationLandscapeLeft UIInterfaceOrientationLandscapeRight";
				LD_RUNPATH_SEARCH_PATHS = (
					"$(inherited)",
					"@executable_path/Frameworks",
				);
				MARKETING_VERSION = 1.0;
				PRODUCT_BUNDLE_IDENTIFIER = com.RomanIvanov.Weather;
				PRODUCT_NAME = "$(TARGET_NAME)";
				SWIFT_EMIT_LOC_STRINGS = YES;
				SWIFT_VERSION = 5.0;
				TARGETED_DEVICE_FAMILY = 1;
			};
			name = Debug;
		};
		FD4E43EC2883EE7A003AE173 /* Release */ = {
			isa = XCBuildConfiguration;
			buildSettings = {
				ASSETCATALOG_COMPILER_APPICON_NAME = AppIcon;
				ASSETCATALOG_COMPILER_GLOBAL_ACCENT_COLOR_NAME = AccentColor;
				CODE_SIGN_STYLE = Automatic;
				CURRENT_PROJECT_VERSION = 1;
				GENERATE_INFOPLIST_FILE = YES;
				INFOPLIST_FILE = "Weather/Supporting Files/Info.plist";
				INFOPLIST_KEY_UIApplicationSupportsIndirectInputEvents = YES;
				INFOPLIST_KEY_UILaunchStoryboardName = LaunchScreen;
				INFOPLIST_KEY_UIMainStoryboardFile = Main;
				INFOPLIST_KEY_UISupportedInterfaceOrientations = UIInterfaceOrientationPortrait;
				INFOPLIST_KEY_UISupportedInterfaceOrientations_iPad = "UIInterfaceOrientationPortrait UIInterfaceOrientationPortraitUpsideDown UIInterfaceOrientationLandscapeLeft UIInterfaceOrientationLandscapeRight";
				INFOPLIST_KEY_UISupportedInterfaceOrientations_iPhone = "UIInterfaceOrientationPortrait UIInterfaceOrientationLandscapeLeft UIInterfaceOrientationLandscapeRight";
				LD_RUNPATH_SEARCH_PATHS = (
					"$(inherited)",
					"@executable_path/Frameworks",
				);
				MARKETING_VERSION = 1.0;
				PRODUCT_BUNDLE_IDENTIFIER = com.RomanIvanov.Weather;
				PRODUCT_NAME = "$(TARGET_NAME)";
				SWIFT_EMIT_LOC_STRINGS = YES;
				SWIFT_VERSION = 5.0;
				TARGETED_DEVICE_FAMILY = 1;
			};
			name = Release;
		};
/* End XCBuildConfiguration section */

/* Begin XCConfigurationList section */
		FD4E43D12883EE78003AE173 /* Build configuration list for PBXProject "Weather" */ = {
			isa = XCConfigurationList;
			buildConfigurations = (
				FD4E43E82883EE7A003AE173 /* Debug */,
				FD4E43E92883EE7A003AE173 /* Release */,
			);
			defaultConfigurationIsVisible = 0;
			defaultConfigurationName = Release;
		};
		FD4E43EA2883EE7A003AE173 /* Build configuration list for PBXNativeTarget "Weather" */ = {
			isa = XCConfigurationList;
			buildConfigurations = (
				FD4E43EB2883EE7A003AE173 /* Debug */,
				FD4E43EC2883EE7A003AE173 /* Release */,
			);
			defaultConfigurationIsVisible = 0;
			defaultConfigurationName = Release;
		};
/* End XCConfigurationList section */
	};
	rootObject = FD4E43CE2883EE78003AE173 /* Project object */;
}
